// !$*UTF8*$!
{
	archiveVersion = 1;
	classes = {
	};
	objectVersion = 77;
	objects = {

/* Begin PBXContainerItemProxy section */
		0437667E2CCFCCF5009C6800 /* PBXContainerItemProxy */ = {
			isa = PBXContainerItemProxy;
			containerPortal = 0437665C2CCFCCF4009C6800 /* Project object */;
			proxyType = 1;
			remoteGlobalIDString = 043766632CCFCCF4009C6800;
			remoteInfo = MathleteMobileNoftz;
		};
		043766882CCFCCF5009C6800 /* PBXContainerItemProxy */ = {
			isa = PBXContainerItemProxy;
			containerPortal = 0437665C2CCFCCF4009C6800 /* Project object */;
			proxyType = 1;
			remoteGlobalIDString = 043766632CCFCCF4009C6800;
			remoteInfo = MathleteMobileNoftz;
		};
/* End PBXContainerItemProxy section */

/* Begin PBXFileReference section */
		043766642CCFCCF4009C6800 /* MathleteMobileNoftz.app */ = {isa = PBXFileReference; explicitFileType = wrapper.application; includeInIndex = 0; path = MathleteMobileNoftz.app; sourceTree = BUILT_PRODUCTS_DIR; };
		0437667D2CCFCCF5009C6800 /* MathleteMobileNoftzTests.xctest */ = {isa = PBXFileReference; explicitFileType = wrapper.cfbundle; includeInIndex = 0; path = MathleteMobileNoftzTests.xctest; sourceTree = BUILT_PRODUCTS_DIR; };
		043766872CCFCCF5009C6800 /* MathleteMobileNoftzUITests.xctest */ = {isa = PBXFileReference; explicitFileType = wrapper.cfbundle; includeInIndex = 0; path = MathleteMobileNoftzUITests.xctest; sourceTree = BUILT_PRODUCTS_DIR; };
/* End PBXFileReference section */

/* Begin PBXFileSystemSynchronizedBuildFileExceptionSet section */
		0437668F2CCFCCF5009C6800 /* Exceptions for "MathleteMobileNoftz" folder in "MathleteMobileNoftz" target */ = {
			isa = PBXFileSystemSynchronizedBuildFileExceptionSet;
			membershipExceptions = (
				Info.plist,
			);
			target = 043766632CCFCCF4009C6800 /* MathleteMobileNoftz */;
		};
/* End PBXFileSystemSynchronizedBuildFileExceptionSet section */

/* Begin PBXFileSystemSynchronizedRootGroup section */
		043766662CCFCCF4009C6800 /* MathleteMobileNoftz */ = {
			isa = PBXFileSystemSynchronizedRootGroup;
			exceptions = (
				0437668F2CCFCCF5009C6800 /* Exceptions for "MathleteMobileNoftz" folder in "MathleteMobileNoftz" target */,
			);
			path = MathleteMobileNoftz;
			sourceTree = "<group>";
		};
		043766802CCFCCF5009C6800 /* MathleteMobileNoftzTests */ = {
			isa = PBXFileSystemSynchronizedRootGroup;
			path = MathleteMobileNoftzTests;
			sourceTree = "<group>";
		};
		0437668A2CCFCCF5009C6800 /* MathleteMobileNoftzUITests */ = {
			isa = PBXFileSystemSynchronizedRootGroup;
			path = MathleteMobileNoftzUITests;
			sourceTree = "<group>";
		};
/* End PBXFileSystemSynchronizedRootGroup section */

/* Begin PBXFrameworksBuildPhase section */
		043766612CCFCCF4009C6800 /* Frameworks */ = {
			isa = PBXFrameworksBuildPhase;
			buildActionMask = 2147483647;
			files = (
			);
			runOnlyForDeploymentPostprocessing = 0;
		};
		0437667A2CCFCCF5009C6800 /* Frameworks */ = {
			isa = PBXFrameworksBuildPhase;
			buildActionMask = 2147483647;
			files = (
			);
			runOnlyForDeploymentPostprocessing = 0;
		};
		043766842CCFCCF5009C6800 /* Frameworks */ = {
			isa = PBXFrameworksBuildPhase;
			buildActionMask = 2147483647;
			files = (
			);
			runOnlyForDeploymentPostprocessing = 0;
		};
/* End PBXFrameworksBuildPhase section */

/* Begin PBXGroup section */
		0437665B2CCFCCF4009C6800 = {
			isa = PBXGroup;
			children = (
				043766662CCFCCF4009C6800 /* MathleteMobileNoftz */,
				043766802CCFCCF5009C6800 /* MathleteMobileNoftzTests */,
				0437668A2CCFCCF5009C6800 /* MathleteMobileNoftzUITests */,
				043766652CCFCCF4009C6800 /* Products */,
			);
			sourceTree = "<group>";
		};
		043766652CCFCCF4009C6800 /* Products */ = {
			isa = PBXGroup;
			children = (
				043766642CCFCCF4009C6800 /* MathleteMobileNoftz.app */,
				0437667D2CCFCCF5009C6800 /* MathleteMobileNoftzTests.xctest */,
				043766872CCFCCF5009C6800 /* MathleteMobileNoftzUITests.xctest */,
			);
			name = Products;
			sourceTree = "<group>";
		};
/* End PBXGroup section */

/* Begin PBXNativeTarget section */
		043766632CCFCCF4009C6800 /* MathleteMobileNoftz */ = {
			isa = PBXNativeTarget;
			buildConfigurationList = 043766902CCFCCF5009C6800 /* Build configuration list for PBXNativeTarget "MathleteMobileNoftz" */;
			buildPhases = (
				043766602CCFCCF4009C6800 /* Sources */,
				043766612CCFCCF4009C6800 /* Frameworks */,
				043766622CCFCCF4009C6800 /* Resources */,
			);
			buildRules = (
			);
			dependencies = (
			);
			fileSystemSynchronizedGroups = (
				043766662CCFCCF4009C6800 /* MathleteMobileNoftz */,
			);
			name = MathleteMobileNoftz;
			packageProductDependencies = (
			);
			productName = MathleteMobileNoftz;
			productReference = 043766642CCFCCF4009C6800 /* MathleteMobileNoftz.app */;
			productType = "com.apple.product-type.application";
		};
		0437667C2CCFCCF5009C6800 /* MathleteMobileNoftzTests */ = {
			isa = PBXNativeTarget;
			buildConfigurationList = 043766952CCFCCF5009C6800 /* Build configuration list for PBXNativeTarget "MathleteMobileNoftzTests" */;
			buildPhases = (
				043766792CCFCCF5009C6800 /* Sources */,
				0437667A2CCFCCF5009C6800 /* Frameworks */,
				0437667B2CCFCCF5009C6800 /* Resources */,
			);
			buildRules = (
			);
			dependencies = (
				0437667F2CCFCCF5009C6800 /* PBXTargetDependency */,
			);
			fileSystemSynchronizedGroups = (
				043766802CCFCCF5009C6800 /* MathleteMobileNoftzTests */,
			);
			name = MathleteMobileNoftzTests;
			packageProductDependencies = (
			);
			productName = MathleteMobileNoftzTests;
			productReference = 0437667D2CCFCCF5009C6800 /* MathleteMobileNoftzTests.xctest */;
			productType = "com.apple.product-type.bundle.unit-test";
		};
		043766862CCFCCF5009C6800 /* MathleteMobileNoftzUITests */ = {
			isa = PBXNativeTarget;
			buildConfigurationList = 043766982CCFCCF5009C6800 /* Build configuration list for PBXNativeTarget "MathleteMobileNoftzUITests" */;
			buildPhases = (
				043766832CCFCCF5009C6800 /* Sources */,
				043766842CCFCCF5009C6800 /* Frameworks */,
				043766852CCFCCF5009C6800 /* Resources */,
			);
			buildRules = (
			);
			dependencies = (
				043766892CCFCCF5009C6800 /* PBXTargetDependency */,
			);
			fileSystemSynchronizedGroups = (
				0437668A2CCFCCF5009C6800 /* MathleteMobileNoftzUITests */,
			);
			name = MathleteMobileNoftzUITests;
			packageProductDependencies = (
			);
			productName = MathleteMobileNoftzUITests;
			productReference = 043766872CCFCCF5009C6800 /* MathleteMobileNoftzUITests.xctest */;
			productType = "com.apple.product-type.bundle.ui-testing";
		};
/* End PBXNativeTarget section */

/* Begin PBXProject section */
		0437665C2CCFCCF4009C6800 /* Project object */ = {
			isa = PBXProject;
			attributes = {
				BuildIndependentTargetsInParallel = 1;
				LastSwiftUpdateCheck = 1600;
				LastUpgradeCheck = 1600;
				TargetAttributes = {
					043766632CCFCCF4009C6800 = {
						CreatedOnToolsVersion = 16.0;
					};
					0437667C2CCFCCF5009C6800 = {
						CreatedOnToolsVersion = 16.0;
						TestTargetID = 043766632CCFCCF4009C6800;
					};
					043766862CCFCCF5009C6800 = {
						CreatedOnToolsVersion = 16.0;
						TestTargetID = 043766632CCFCCF4009C6800;
					};
				};
			};
			buildConfigurationList = 0437665F2CCFCCF4009C6800 /* Build configuration list for PBXProject "MathleteMobileNoftz" */;
			developmentRegion = en;
			hasScannedForEncodings = 0;
			knownRegions = (
				en,
				Base,
			);
			mainGroup = 0437665B2CCFCCF4009C6800;
			minimizedProjectReferenceProxies = 1;
			preferredProjectObjectVersion = 77;
			productRefGroup = 043766652CCFCCF4009C6800 /* Products */;
			projectDirPath = "";
			projectRoot = "";
			targets = (
				043766632CCFCCF4009C6800 /* MathleteMobileNoftz */,
				0437667C2CCFCCF5009C6800 /* MathleteMobileNoftzTests */,
				043766862CCFCCF5009C6800 /* MathleteMobileNoftzUITests */,
			);
		};
/* End PBXProject section */

/* Begin PBXResourcesBuildPhase section */
		043766622CCFCCF4009C6800 /* Resources */ = {
			isa = PBXResourcesBuildPhase;
			buildActionMask = 2147483647;
			files = (
			);
			runOnlyForDeploymentPostprocessing = 0;
		};
		0437667B2CCFCCF5009C6800 /* Resources */ = {
			isa = PBXResourcesBuildPhase;
			buildActionMask = 2147483647;
			files = (
			);
			runOnlyForDeploymentPostprocessing = 0;
		};
		043766852CCFCCF5009C6800 /* Resources */ = {
			isa = PBXResourcesBuildPhase;
			buildActionMask = 2147483647;
			files = (
			);
			runOnlyForDeploymentPostprocessing = 0;
		};
/* End PBXResourcesBuildPhase section */

/* Begin PBXSourcesBuildPhase section */
		043766602CCFCCF4009C6800 /* Sources */ = {
			isa = PBXSourcesBuildPhase;
			buildActionMask = 2147483647;
			files = (
			);
			runOnlyForDeploymentPostprocessing = 0;
		};
		043766792CCFCCF5009C6800 /* Sources */ = {
			isa = PBXSourcesBuildPhase;
			buildActionMask = 2147483647;
			files = (
			);
			runOnlyForDeploymentPostprocessing = 0;
		};
		043766832CCFCCF5009C6800 /* Sources */ = {
			isa = PBXSourcesBuildPhase;
			buildActionMask = 2147483647;
			files = (
			);
			runOnlyForDeploymentPostprocessing = 0;
		};
/* End PBXSourcesBuildPhase section */

/* Begin PBXTargetDependency section */
		0437667F2CCFCCF5009C6800 /* PBXTargetDependency */ = {
			isa = PBXTargetDependency;
			target = 043766632CCFCCF4009C6800 /* MathleteMobileNoftz */;
			targetProxy = 0437667E2CCFCCF5009C6800 /* PBXContainerItemProxy */;
		};
		043766892CCFCCF5009C6800 /* PBXTargetDependency */ = {
			isa = PBXTargetDependency;
			target = 043766632CCFCCF4009C6800 /* MathleteMobileNoftz */;
			targetProxy = 043766882CCFCCF5009C6800 /* PBXContainerItemProxy */;
		};
/* End PBXTargetDependency section */

/* Begin XCBuildConfiguration section */
		043766912CCFCCF5009C6800 /* Debug */ = {
			isa = XCBuildConfiguration;
			buildSettings = {
				ASSETCATALOG_COMPILER_APPICON_NAME = AppIcon;
				ASSETCATALOG_COMPILER_GLOBAL_ACCENT_COLOR_NAME = AccentColor;
				CODE_SIGN_STYLE = Automatic;
				CURRENT_PROJECT_VERSION = 1;
				GENERATE_INFOPLIST_FILE = YES;
				INFOPLIST_FILE = MathleteMobileNoftz/Info.plist;
				INFOPLIST_KEY_UIApplicationSupportsIndirectInputEvents = YES;
				INFOPLIST_KEY_UILaunchStoryboardName = LaunchScreen;
				INFOPLIST_KEY_UIMainStoryboardFile = Main;
				INFOPLIST_KEY_UISupportedInterfaceOrientations_iPad = "UIInterfaceOrientationPortrait UIInterfaceOrientationPortraitUpsideDown UIInterfaceOrientationLandscapeLeft UIInterfaceOrientationLandscapeRight";
				INFOPLIST_KEY_UISupportedInterfaceOrientations_iPhone = "UIInterfaceOrientationPortrait UIInterfaceOrientationLandscapeLeft UIInterfaceOrientationLandscapeRight";
				LD_RUNPATH_SEARCH_PATHS = (
					"$(inherited)",
					"@executable_path/Frameworks",
				);
				MARKETING_VERSION = 1.0;
				PRODUCT_BUNDLE_IDENTIFIER = clc.MathleteMobileNoftz;
				PRODUCT_NAME = "$(TARGET_NAME)";
				SWIFT_EMIT_LOC_STRINGS = YES;
				SWIFT_VERSION = 5.0;
				TARGETED_DEVICE_FAMILY = "1,2";
			};
			name = Debug;
		};
		043766922CCFCCF5009C6800 /* Release */ = {
			isa = XCBuildConfiguration;
			buildSettings = {
				ASSETCATALOG_COMPILER_APPICON_NAME = AppIcon;
				ASSETCATALOG_COMPILER_GLOBAL_ACCENT_COLOR_NAME = AccentColor;
				CODE_SIGN_STYLE = Automatic;
				CURRENT_PROJECT_VERSION = 1;
				GENERATE_INFOPLIST_FILE = YES;
				INFOPLIST_FILE = MathleteMobileNoftz/Info.plist;
				INFOPLIST_KEY_UIApplicationSupportsIndirectInputEvents = YES;
				INFOPLIST_KEY_UILaunchStoryboardName = LaunchScreen;
				INFOPLIST_KEY_UIMainStoryboardFile = Main;
				INFOPLIST_KEY_UISupportedInterfaceOrientations_iPad = "UIInterfaceOrientationPortrait UIInterfaceOrientationPortraitUpsideDown UIInterfaceOrientationLandscapeLeft UIInterfaceOrientationLandscapeRight";
				INFOPLIST_KEY_UISupportedInterfaceOrientations_iPhone = "UIInterfaceOrientationPortrait UIInterfaceOrientationLandscapeLeft UIInterfaceOrientationLandscapeRight";
				LD_RUNPATH_SEARCH_PATHS = (
					"$(inherited)",
					"@executable_path/Frameworks",
				);
				MARKETING_VERSION = 1.0;
				PRODUCT_BUNDLE_IDENTIFIER = clc.MathleteMobileNoftz;
				PRODUCT_NAME = "$(TARGET_NAME)";
				SWIFT_EMIT_LOC_STRINGS = YES;
				SWIFT_VERSION = 5.0;
				TARGETED_DEVICE_FAMILY = "1,2";
			};
			name = Release;
		};
		043766932CCFCCF5009C6800 /* Debug */ = {
			isa = XCBuildConfiguration;
			buildSettings = {
				ALWAYS_SEARCH_USER_PATHS = NO;
				ASSETCATALOG_COMPILER_GENERATE_SWIFT_ASSET_SYMBOL_EXTENSIONS = YES;
				CLANG_ANALYZER_NONNULL = YES;
				CLANG_ANALYZER_NUMBER_OBJECT_CONVERSION = YES_AGGRESSIVE;
				CLANG_CXX_LANGUAGE_STANDARD = "gnu++20";
				CLANG_ENABLE_MODULES = YES;
				CLANG_ENABLE_OBJC_ARC = YES;
				CLANG_ENABLE_OBJC_WEAK = YES;
				CLANG_WARN_BLOCK_CAPTURE_AUTORELEASING = YES;
				CLANG_WARN_BOOL_CONVERSION = YES;
				CLANG_WARN_COMMA = YES;
				CLANG_WARN_CONSTANT_CONVERSION = YES;
				CLANG_WARN_DEPRECATED_OBJC_IMPLEMENTATIONS = YES;
				CLANG_WARN_DIRECT_OBJC_ISA_USAGE = YES_ERROR;
				CLANG_WARN_DOCUMENTATION_COMMENTS = YES;
				CLANG_WARN_EMPTY_BODY = YES;
				CLANG_WARN_ENUM_CONVERSION = YES;
				CLANG_WARN_INFINITE_RECURSION = YES;
				CLANG_WARN_INT_CONVERSION = YES;
				CLANG_WARN_NON_LITERAL_NULL_CONVERSION = YES;
				CLANG_WARN_OBJC_IMPLICIT_RETAIN_SELF = YES;
				CLANG_WARN_OBJC_LITERAL_CONVERSION = YES;
				CLANG_WARN_OBJC_ROOT_CLASS = YES_ERROR;
				CLANG_WARN_QUOTED_INCLUDE_IN_FRAMEWORK_HEADER = YES;
				CLANG_WARN_RANGE_LOOP_ANALYSIS = YES;
				CLANG_WARN_STRICT_PROTOTYPES = YES;
				CLANG_WARN_SUSPICIOUS_MOVE = YES;
				CLANG_WARN_UNGUARDED_AVAILABILITY = YES_AGGRESSIVE;
				CLANG_WARN_UNREACHABLE_CODE = YES;
				CLANG_WARN__DUPLICATE_METHOD_MATCH = YES;
				COPY_PHASE_STRIP = NO;
				DEBUG_INFORMATION_FORMAT = dwarf;
				ENABLE_STRICT_OBJC_MSGSEND = YES;
				ENABLE_TESTABILITY = YES;
				ENABLE_USER_SCRIPT_SANDBOXING = YES;
				GCC_C_LANGUAGE_STANDARD = gnu17;
				GCC_DYNAMIC_NO_PIC = NO;
				GCC_NO_COMMON_BLOCKS = YES;
				GCC_OPTIMIZATION_LEVEL = 0;
				GCC_PREPROCESSOR_DEFINITIONS = (
					"DEBUG=1",
					"$(inherited)",
				);
				GCC_WARN_64_TO_32_BIT_CONVERSION = YES;
				GCC_WARN_ABOUT_RETURN_TYPE = YES_ERROR;
				GCC_WARN_UNDECLARED_SELECTOR = YES;
				GCC_WARN_UNINITIALIZED_AUTOS = YES_AGGRESSIVE;
				GCC_WARN_UNUSED_FUNCTION = YES;
				GCC_WARN_UNUSED_VARIABLE = YES;
				IPHONEOS_DEPLOYMENT_TARGET = 18.0;
				LOCALIZATION_PREFERS_STRING_CATALOGS = YES;
				MTL_ENABLE_DEBUG_INFO = INCLUDE_SOURCE;
				MTL_FAST_MATH = YES;
				ONLY_ACTIVE_ARCH = YES;
				SDKROOT = iphoneos;
				SWIFT_ACTIVE_COMPILATION_CONDITIONS = "DEBUG $(inherited)";
				SWIFT_OPTIMIZATION_LEVEL = "-Onone";
			};
			name = Debug;
		};
		043766942CCFCCF5009C6800 /* Release */ = {
			isa = XCBuildConfiguration;
			buildSettings = {
				ALWAYS_SEARCH_USER_PATHS = NO;
				ASSETCATALOG_COMPILER_GENERATE_SWIFT_ASSET_SYMBOL_EXTENSIONS = YES;
				CLANG_ANALYZER_NONNULL = YES;
				CLANG_ANALYZER_NUMBER_OBJECT_CONVERSION = YES_AGGRESSIVE;
				CLANG_CXX_LANGUAGE_STANDARD = "gnu++20";
				CLANG_ENABLE_MODULES = YES;
				CLANG_ENABLE_OBJC_ARC = YES;
				CLANG_ENABLE_OBJC_WEAK = YES;
				CLANG_WARN_BLOCK_CAPTURE_AUTORELEASING = YES;
				CLANG_WARN_BOOL_CONVERSION = YES;
				CLANG_WARN_COMMA = YES;
				CLANG_WARN_CONSTANT_CONVERSION = YES;
				CLANG_WARN_DEPRECATED_OBJC_IMPLEMENTATIONS = YES;
				CLANG_WARN_DIRECT_OBJC_ISA_USAGE = YES_ERROR;
				CLANG_WARN_DOCUMENTATION_COMMENTS = YES;
				CLANG_WARN_EMPTY_BODY = YES;
				CLANG_WARN_ENUM_CONVERSION = YES;
				CLANG_WARN_INFINITE_RECURSION = YES;
				CLANG_WARN_INT_CONVERSION = YES;
				CLANG_WARN_NON_LITERAL_NULL_CONVERSION = YES;
				CLANG_WARN_OBJC_IMPLICIT_RETAIN_SELF = YES;
				CLANG_WARN_OBJC_LITERAL_CONVERSION = YES;
				CLANG_WARN_OBJC_ROOT_CLASS = YES_ERROR;
				CLANG_WARN_QUOTED_INCLUDE_IN_FRAMEWORK_HEADER = YES;
				CLANG_WARN_RANGE_LOOP_ANALYSIS = YES;
				CLANG_WARN_STRICT_PROTOTYPES = YES;
				CLANG_WARN_SUSPICIOUS_MOVE = YES;
				CLANG_WARN_UNGUARDED_AVAILABILITY = YES_AGGRESSIVE;
				CLANG_WARN_UNREACHABLE_CODE = YES;
				CLANG_WARN__DUPLICATE_METHOD_MATCH = YES;
				COPY_PHASE_STRIP = NO;
				DEBUG_INFORMATION_FORMAT = "dwarf-with-dsym";
				ENABLE_NS_ASSERTIONS = NO;
				ENABLE_STRICT_OBJC_MSGSEND = YES;
				ENABLE_USER_SCRIPT_SANDBOXING = YES;
				GCC_C_LANGUAGE_STANDARD = gnu17;
				GCC_NO_COMMON_BLOCKS = YES;
				GCC_WARN_64_TO_32_BIT_CONVERSION = YES;
				GCC_WARN_ABOUT_RETURN_TYPE = YES_ERROR;
				GCC_WARN_UNDECLARED_SELECTOR = YES;
				GCC_WARN_UNINITIALIZED_AUTOS = YES_AGGRESSIVE;
				GCC_WARN_UNUSED_FUNCTION = YES;
				GCC_WARN_UNUSED_VARIABLE = YES;
				IPHONEOS_DEPLOYMENT_TARGET = 18.0;
				LOCALIZATION_PREFERS_STRING_CATALOGS = YES;
				MTL_ENABLE_DEBUG_INFO = NO;
				MTL_FAST_MATH = YES;
				SDKROOT = iphoneos;
				SWIFT_COMPILATION_MODE = wholemodule;
				VALIDATE_PRODUCT = YES;
			};
			name = Release;
		};
		043766962CCFCCF5009C6800 /* Debug */ = {
			isa = XCBuildConfiguration;
			buildSettings = {
				BUNDLE_LOADER = "$(TEST_HOST)";
				CODE_SIGN_STYLE = Automatic;
				CURRENT_PROJECT_VERSION = 1;
				GENERATE_INFOPLIST_FILE = YES;
				IPHONEOS_DEPLOYMENT_TARGET = 18.0;
				MARKETING_VERSION = 1.0;
				PRODUCT_BUNDLE_IDENTIFIER = clc.MathleteMobileNoftzTests;
				PRODUCT_NAME = "$(TARGET_NAME)";
				SWIFT_EMIT_LOC_STRINGS = NO;
				SWIFT_VERSION = 5.0;
				TARGETED_DEVICE_FAMILY = "1,2";
				TEST_HOST = "$(BUILT_PRODUCTS_DIR)/MathleteMobileNoftz.app/$(BUNDLE_EXECUTABLE_FOLDER_PATH)/MathleteMobileNoftz";
			};
			name = Debug;
		};
		043766972CCFCCF5009C6800 /* Release */ = {
			isa = XCBuildConfiguration;
			buildSettings = {
				BUNDLE_LOADER = "$(TEST_HOST)";
				CODE_SIGN_STYLE = Automatic;
				CURRENT_PROJECT_VERSION = 1;
				GENERATE_INFOPLIST_FILE = YES;
				IPHONEOS_DEPLOYMENT_TARGET = 18.0;
				MARKETING_VERSION = 1.0;
				PRODUCT_BUNDLE_IDENTIFIER = clc.MathleteMobileNoftzTests;
				PRODUCT_NAME = "$(TARGET_NAME)";
				SWIFT_EMIT_LOC_STRINGS = NO;
				SWIFT_VERSION = 5.0;
				TARGETED_DEVICE_FAMILY = "1,2";
				TEST_HOST = "$(BUILT_PRODUCTS_DIR)/MathleteMobileNoftz.app/$(BUNDLE_EXECUTABLE_FOLDER_PATH)/MathleteMobileNoftz";
			};
			name = Release;
		};
		043766992CCFCCF5009C6800 /* Debug */ = {
			isa = XCBuildConfiguration;
			buildSettings = {
				CODE_SIGN_STYLE = Automatic;
				CURRENT_PROJECT_VERSION = 1;
				GENERATE_INFOPLIST_FILE = YES;
				MARKETING_VERSION = 1.0;
				PRODUCT_BUNDLE_IDENTIFIER = clc.MathleteMobileNoftzUITests;
				PRODUCT_NAME = "$(TARGET_NAME)";
				SWIFT_EMIT_LOC_STRINGS = NO;
				SWIFT_VERSION = 5.0;
				TARGETED_DEVICE_FAMILY = "1,2";
				TEST_TARGET_NAME = MathleteMobileNoftz;
			};
			name = Debug;
		};
		0437669A2CCFCCF5009C6800 /* Release */ = {
			isa = XCBuildConfiguration;
			buildSettings = {
				CODE_SIGN_STYLE = Automatic;
				CURRENT_PROJECT_VERSION = 1;
				GENERATE_INFOPLIST_FILE = YES;
				MARKETING_VERSION = 1.0;
				PRODUCT_BUNDLE_IDENTIFIER = clc.MathleteMobileNoftzUITests;
				PRODUCT_NAME = "$(TARGET_NAME)";
				SWIFT_EMIT_LOC_STRINGS = NO;
				SWIFT_VERSION = 5.0;
				TARGETED_DEVICE_FAMILY = "1,2";
				TEST_TARGET_NAME = MathleteMobileNoftz;
			};
			name = Release;
		};
/* End XCBuildConfiguration section */

/* Begin XCConfigurationList section */
		0437665F2CCFCCF4009C6800 /* Build configuration list for PBXProject "MathleteMobileNoftz" */ = {
			isa = XCConfigurationList;
			buildConfigurations = (
				043766932CCFCCF5009C6800 /* Debug */,
				043766942CCFCCF5009C6800 /* Release */,
			);
			defaultConfigurationIsVisible = 0;
			defaultConfigurationName = Release;
		};
		043766902CCFCCF5009C6800 /* Build configuration list for PBXNativeTarget "MathleteMobileNoftz" */ = {
			isa = XCConfigurationList;
			buildConfigurations = (
				043766912CCFCCF5009C6800 /* Debug */,
				043766922CCFCCF5009C6800 /* Release */,
			);
			defaultConfigurationIsVisible = 0;
			defaultConfigurationName = Release;
		};
		043766952CCFCCF5009C6800 /* Build configuration list for PBXNativeTarget "MathleteMobileNoftzTests" */ = {
			isa = XCConfigurationList;
			buildConfigurations = (
				043766962CCFCCF5009C6800 /* Debug */,
				043766972CCFCCF5009C6800 /* Release */,
			);
			defaultConfigurationIsVisible = 0;
			defaultConfigurationName = Release;
		};
		043766982CCFCCF5009C6800 /* Build configuration list for PBXNativeTarget "MathleteMobileNoftzUITests" */ = {
			isa = XCConfigurationList;
			buildConfigurations = (
				043766992CCFCCF5009C6800 /* Debug */,
				0437669A2CCFCCF5009C6800 /* Release */,
			);
			defaultConfigurationIsVisible = 0;
			defaultConfigurationName = Release;
		};
/* End XCConfigurationList section */
	};
	rootObject = 0437665C2CCFCCF4009C6800 /* Project object */;
}
